
Microsoft Visual Studio Solution File, Format Version 12.00
# Visual Studio 15
VisualStudioVersion = 15.0.27428.2037
MinimumVisualStudioVersion = 10.0.40219.1
Project("{FAE04EC0-301F-11D3-BF4B-00C04F79EFBC}") = "Projeto", "Projeto\Projeto.csproj", "{E6528DC5-7EBB-417D-A815-9B62391FEA5D}"
EndProject
Global
	GlobalSection(SolutionConfigurationPlatforms) = preSolution
		Debug|Any CPU = Debug|Any CPU
		Release|Any CPU = Release|Any CPU
	EndGlobalSection
	GlobalSection(ProjectConfigurationPlatforms) = postSolution
		{E6528DC5-7EBB-417D-A815-9B62391FEA5D}.Debug|Any CPU.ActiveCfg = Debug|Any CPU
		{E6528DC5-7EBB-417D-A815-9B62391FEA5D}.Debug|Any CPU.Build.0 = Debug|Any CPU
		{E6528DC5-7EBB-417D-A815-9B62391FEA5D}.Release|Any CPU.ActiveCfg = Release|Any CPU
		{E6528DC5-7EBB-417D-A815-9B62391FEA5D}.Release|Any CPU.Build.0 = Release|Any CPU
	EndGlobalSection
	GlobalSection(SolutionProperties) = preSolution
		HideSolutionNode = FALSE
	EndGlobalSection
	GlobalSection(ExtensibilityGlobals) = postSolution
		SolutionGuid = {B0F80EBD-8FAE-4150-9D1D-5425E61C67C6}
	EndGlobalSection
EndGlobal
